# THIS IS AN AUTOGENERATED FILE. DO NOT EDIT THIS FILE DIRECTLY.
# yarn lockfile v1


"@napi-rs/cli@^2.11.4":
  version "2.11.4"
  resolved "https://registry.yarnpkg.com/@napi-rs/cli/-/cli-2.11.4.tgz#28bea72dd6758ce7fc94d515493c5bd1ef00b6ec"
  integrity sha512-rjU651owB4GJetO3pnu3B8TyVM3Fis3AYb+U16bKxYyykp81S+dJlIgWc8Lc0t55PYbHlBM3hxdgy4pultxMAw==

detect-libc@^1.0.3:
  version "1.0.3"
  resolved "https://registry.yarnpkg.com/detect-libc/-/detect-libc-1.0.3.tgz#fa137c4bd698edf55cd5cd02ac559f91a4c4ba9b"
  integrity sha1-+hN8S9aY7fVc1c0CrFWfkaTEups=

prettier@^2.7.1:
  version "2.8.3"
  resolved "https://registry.yarnpkg.com/prettier/-/prettier-2.8.3.tgz#ab697b1d3dd46fb4626fbe2f543afe0cc98d8632"
  integrity sha512-tJ/oJ4amDihPoufT5sM0Z1SKEuKay8LfVAMlbbhnnkvt6BUserZylqo2PN+p9KeljLr0OHa2rXHU1T8reeoTrw==

tiny-benchy@^2.1.0:
  version "2.1.0"
  resolved "https://registry.yarnpkg.com/tiny-benchy/-/tiny-benchy-2.1.0.tgz#f14c2597c54dd4c35ab582824ca4613a60d010d3"
  integrity sha512-84QOWzFrcrswVVfpGp0Bg1uLLKC59EdgT58l57A8J8orCR2wGemCsqsxhpJ7JmbTx8py2915+B9kpcsPDmuTcQ==
