# THIS IS AN AUTOGENERATED FILE. DO NOT EDIT THIS FILE DIRECTLY.
# yarn lockfile v1


"@napi-rs/cli@^1.0.4":
  version "1.2.1"
  resolved "https://registry.yarnpkg.com/@napi-rs/cli/-/cli-1.2.1.tgz#eccdf9e0835aec3adcef30074bf69c110ea65960"
  integrity sha512-7FoYn1JSK5rTIG9KcKfYnZL/O0UjUMMuzZCXd//bJdkLw0Xx9EqQJs1X/Mg4KqywJYb79LDfxRMiJRSukPGDNw==

detect-libc@^1.0.3:
  version "1.0.3"
  resolved "https://registry.yarnpkg.com/detect-libc/-/detect-libc-1.0.3.tgz#fa137c4bd698edf55cd5cd02ac559f91a4c4ba9b"
  integrity sha1-+hN8S9aY7fVc1c0CrFWfkaTEups=

prettier@^2.3.0:
  version "2.3.1"
  resolved "https://registry.yarnpkg.com/prettier/-/prettier-2.3.1.tgz#76903c3f8c4449bc9ac597acefa24dc5ad4cbea6"
  integrity sha512-p+vNbgpLjif/+D+DwAZAbndtRrR0md0MwfmOVN9N+2RgyACMT+7tfaRnT+WDPkqnuVwleyuBIG2XBxKDme3hPA==

tiny-benchy@^1.0.2:
  version "1.0.2"
  resolved "https://registry.yarnpkg.com/tiny-benchy/-/tiny-benchy-1.0.2.tgz#ed13db50876b54ded3d4cdf7710a5c2856b234ae"
  integrity sha512-IpawVd9wuRyVXyajQ/La9ugQXKJohIEA6ufdPZsNuqOH7U4//xq4ivc7YdyCBshYccrUJovwYhMKWhxwdFgDsA==
