# THIS IS AN AUTOGENERATED FILE. DO NOT EDIT THIS FILE DIRECTLY.
# yarn lockfile v1


"@napi-rs/cli@^2.0.0":
  version "2.2.0"
  resolved "https://registry.yarnpkg.com/@napi-rs/cli/-/cli-2.2.0.tgz#0129406192c2dfff6e8fc3de0c8be1d2ec286e3f"
  integrity sha512-lXOKq0EZWztzHIlpXhKG0Nrv/PDZAl/yBsqQTG0aDfdjGCJudtPgWLR7zzaJoYzkkdFJo0r+teYYzgC+cXB4KQ==

detect-libc@^2.0.0:
  version "2.0.0"
  resolved "https://registry.yarnpkg.com/detect-libc/-/detect-libc-2.0.0.tgz#c528bc09bc6d1aa30149228240917c225448f204"
  integrity sha512-S55LzUl8HUav8l9E2PBTlC5PAJrHK7tkM+XXFGD+fbsbkTzhCpG6K05LxJcUOEWzMa4v6ptcMZ9s3fOdJDu0Zw==

prettier@^2.3.0:
  version "2.5.1"
  resolved "https://registry.yarnpkg.com/prettier/-/prettier-2.5.1.tgz#fff75fa9d519c54cf0fce328c1017d94546bc56a"
  integrity sha512-vBZcPRUR5MZJwoyi3ZoyQlc1rXeEck8KgeC9AwwOn+exuxLxq5toTRDTSaVrXHxelDMHy9zlicw8u66yxoSUFg==

tiny-benchy@^2.1.0:
  version "2.1.0"
  resolved "https://registry.yarnpkg.com/tiny-benchy/-/tiny-benchy-2.1.0.tgz#f14c2597c54dd4c35ab582824ca4613a60d010d3"
  integrity sha512-84QOWzFrcrswVVfpGp0Bg1uLLKC59EdgT58l57A8J8orCR2wGemCsqsxhpJ7JmbTx8py2915+B9kpcsPDmuTcQ==
